
Microsoft Visual Studio Solution File, Format Version 12.00
# Visual Studio Version 17
VisualStudioVersion = 17.13.35931.197 d17.13
MinimumVisualStudioVersion = 10.0.40219.1
Project("{FAE04EC0-301F-11D3-BF4B-00C04F79EFBC}") = "lab06", "lab06\lab06.csproj", "{4C449EA7-AAE1-4193-BFFA-3AD391BF468B}"
EndProject
Project("{FAE04EC0-301F-11D3-BF4B-00C04F79EFBC}") = "wcf-client", "wcf-client\wcf-client.csproj", "{46A6B4DA-1616-40B2-8F76-258B2B65FAF2}"
EndProject
Global
	GlobalSection(SolutionConfigurationPlatforms) = preSolution
		Debug|Any CPU = Debug|Any CPU
		Release|Any CPU = Release|Any CPU
	EndGlobalSection
	GlobalSection(ProjectConfigurationPlatforms) = postSolution
		{4C449EA7-AAE1-4193-BFFA-3AD391BF468B}.Debug|Any CPU.ActiveCfg = Debug|Any CPU
		{4C449EA7-AAE1-4193-BFFA-3AD391BF468B}.Debug|Any CPU.Build.0 = Debug|Any CPU
		{4C449EA7-AAE1-4193-BFFA-3AD391BF468B}.Release|Any CPU.ActiveCfg = Release|Any CPU
		{4C449EA7-AAE1-4193-BFFA-3AD391BF468B}.Release|Any CPU.Build.0 = Release|Any CPU
		{46A6B4DA-1616-40B2-8F76-258B2B65FAF2}.Debug|Any CPU.ActiveCfg = Debug|Any CPU
		{46A6B4DA-1616-40B2-8F76-258B2B65FAF2}.Debug|Any CPU.Build.0 = Debug|Any CPU
		{46A6B4DA-1616-40B2-8F76-258B2B65FAF2}.Release|Any CPU.ActiveCfg = Release|Any CPU
		{46A6B4DA-1616-40B2-8F76-258B2B65FAF2}.Release|Any CPU.Build.0 = Release|Any CPU
	EndGlobalSection
	GlobalSection(SolutionProperties) = preSolution
		HideSolutionNode = FALSE
	EndGlobalSection
	GlobalSection(ExtensibilityGlobals) = postSolution
		SolutionGuid = {8FA01FAE-ECE3-4CA4-879A-1FEF6514112C}
	EndGlobalSection
EndGlobal
